// !$*UTF8*$!
{
	archiveVersion = 1;
	classes = {
	};
	objectVersion = 46;
	objects = {

/* Begin PBXBuildFile section */
		B4127C7F78860F0DDE158F24 /* Pods_Do_It_For_the_Gram.framework in Frameworks */ = {isa = PBXBuildFile; fileRef = 48B0763DA71FB4BAB797EAF8 /* Pods_Do_It_For_the_Gram.framework */; };
		C911CB051C8FE3F0007CE08B /* PostTableViewCell.swift in Sources */ = {isa = PBXBuildFile; fileRef = C911CB041C8FE3F0007CE08B /* PostTableViewCell.swift */; };
		C976E5991C8D345200269FAE /* LogInViewController.swift in Sources */ = {isa = PBXBuildFile; fileRef = C976E5981C8D345200269FAE /* LogInViewController.swift */; };
		C9C80A991C8D2949000565C1 /* AppDelegate.swift in Sources */ = {isa = PBXBuildFile; fileRef = C9C80A981C8D2949000565C1 /* AppDelegate.swift */; };
		C9C80A9E1C8D2949000565C1 /* Main.storyboard in Resources */ = {isa = PBXBuildFile; fileRef = C9C80A9C1C8D2949000565C1 /* Main.storyboard */; };
		C9C80AA01C8D2949000565C1 /* Assets.xcassets in Resources */ = {isa = PBXBuildFile; fileRef = C9C80A9F1C8D2949000565C1 /* Assets.xcassets */; };
		C9F03C041C8F2460006FA190 /* FeedViewController.swift in Sources */ = {isa = PBXBuildFile; fileRef = C9F03C031C8F2460006FA190 /* FeedViewController.swift */; };
		C9F03C071C8F3BF6006FA190 /* PostViewController.swift in Sources */ = {isa = PBXBuildFile; fileRef = C9F03C061C8F3BF6006FA190 /* PostViewController.swift */; };
		C9F03C091C8F8A8A006FA190 /* Post.swift in Sources */ = {isa = PBXBuildFile; fileRef = C9F03C081C8F8A8A006FA190 /* Post.swift */; };
/* End PBXBuildFile section */

/* Begin PBXFileReference section */
		3B215E470C4C30A30A4BF9B0 /* Pods-Do It For the Gram.release.xcconfig */ = {isa = PBXFileReference; includeInIndex = 1; lastKnownFileType = text.xcconfig; name = "Pods-Do It For the Gram.release.xcconfig"; path = "Pods/Target Support Files/Pods-Do It For the Gram/Pods-Do It For the Gram.release.xcconfig"; sourceTree = "<group>"; };
		48B0763DA71FB4BAB797EAF8 /* Pods_Do_It_For_the_Gram.framework */ = {isa = PBXFileReference; explicitFileType = wrapper.framework; includeInIndex = 0; path = Pods_Do_It_For_the_Gram.framework; sourceTree = BUILT_PRODUCTS_DIR; };
		C911CB041C8FE3F0007CE08B /* PostTableViewCell.swift */ = {isa = PBXFileReference; fileEncoding = 4; lastKnownFileType = sourcecode.swift; path = PostTableViewCell.swift; sourceTree = "<group>"; };
		C976E5981C8D345200269FAE /* LogInViewController.swift */ = {isa = PBXFileReference; fileEncoding = 4; lastKnownFileType = sourcecode.swift; path = LogInViewController.swift; sourceTree = "<group>"; };
		C9C80A951C8D2949000565C1 /* Do It For the Gram.app */ = {isa = PBXFileReference; explicitFileType = wrapper.application; includeInIndex = 0; path = "Do It For the Gram.app"; sourceTree = BUILT_PRODUCTS_DIR; };
		C9C80A981C8D2949000565C1 /* AppDelegate.swift */ = {isa = PBXFileReference; lastKnownFileType = sourcecode.swift; path = AppDelegate.swift; sourceTree = "<group>"; };
		C9C80A9D1C8D2949000565C1 /* Base */ = {isa = PBXFileReference; lastKnownFileType = file.storyboard; name = Base; path = Base.lproj/Main.storyboard; sourceTree = "<group>"; };
		C9C80A9F1C8D2949000565C1 /* Assets.xcassets */ = {isa = PBXFileReference; lastKnownFileType = folder.assetcatalog; path = Assets.xcassets; sourceTree = "<group>"; };
		C9C80AA41C8D2949000565C1 /* Info.plist */ = {isa = PBXFileReference; lastKnownFileType = text.plist.xml; path = Info.plist; sourceTree = "<group>"; };
		C9F03C031C8F2460006FA190 /* FeedViewController.swift */ = {isa = PBXFileReference; fileEncoding = 4; lastKnownFileType = sourcecode.swift; path = FeedViewController.swift; sourceTree = "<group>"; };
		C9F03C061C8F3BF6006FA190 /* PostViewController.swift */ = {isa = PBXFileReference; fileEncoding = 4; lastKnownFileType = sourcecode.swift; path = PostViewController.swift; sourceTree = "<group>"; };
		C9F03C081C8F8A8A006FA190 /* Post.swift */ = {isa = PBXFileReference; fileEncoding = 4; lastKnownFileType = sourcecode.swift; path = Post.swift; sourceTree = "<group>"; };
		D980BCDBA251CB76EB983D70 /* Pods-Do It For the Gram.debug.xcconfig */ = {isa = PBXFileReference; includeInIndex = 1; lastKnownFileType = text.xcconfig; name = "Pods-Do It For the Gram.debug.xcconfig"; path = "Pods/Target Support Files/Pods-Do It For the Gram/Pods-Do It For the Gram.debug.xcconfig"; sourceTree = "<group>"; };
/* End PBXFileReference section */

/* Begin PBXFrameworksBuildPhase section */
		C9C80A921C8D2949000565C1 /* Frameworks */ = {
			isa = PBXFrameworksBuildPhase;
			buildActionMask = 2147483647;
			files = (
				B4127C7F78860F0DDE158F24 /* Pods_Do_It_For_the_Gram.framework in Frameworks */,
			);
			runOnlyForDeploymentPostprocessing = 0;
		};
/* End PBXFrameworksBuildPhase section */

/* Begin PBXGroup section */
		6D03C1C53F3D677DA9BF2D73 /* Pods */ = {
			isa = PBXGroup;
			children = (
				D980BCDBA251CB76EB983D70 /* Pods-Do It For the Gram.debug.xcconfig */,
				3B215E470C4C30A30A4BF9B0 /* Pods-Do It For the Gram.release.xcconfig */,
			);
			name = Pods;
			sourceTree = "<group>";
		};
		A625E27574908E538553248B /* Frameworks */ = {
			isa = PBXGroup;
			children = (
				48B0763DA71FB4BAB797EAF8 /* Pods_Do_It_For_the_Gram.framework */,
			);
			name = Frameworks;
			sourceTree = "<group>";
		};
		C9C80A8C1C8D2949000565C1 = {
			isa = PBXGroup;
			children = (
				C9C80A971C8D2949000565C1 /* Do It For the Gram */,
				C9C80A961C8D2949000565C1 /* Products */,
				6D03C1C53F3D677DA9BF2D73 /* Pods */,
				A625E27574908E538553248B /* Frameworks */,
			);
			sourceTree = "<group>";
		};
		C9C80A961C8D2949000565C1 /* Products */ = {
			isa = PBXGroup;
			children = (
				C9C80A951C8D2949000565C1 /* Do It For the Gram.app */,
			);
			name = Products;
			sourceTree = "<group>";
		};
		C9C80A971C8D2949000565C1 /* Do It For the Gram */ = {
			isa = PBXGroup;
			children = (
				C9C80A981C8D2949000565C1 /* AppDelegate.swift */,
				C9C80A9C1C8D2949000565C1 /* Main.storyboard */,
				C911CB041C8FE3F0007CE08B /* PostTableViewCell.swift */,
				C9F03C0A1C8F8A8F006FA190 /* Models */,
				C9F03C051C8F2465006FA190 /* View Controllers */,
				C9C80A9F1C8D2949000565C1 /* Assets.xcassets */,
				C9C80AA41C8D2949000565C1 /* Info.plist */,
			);
			path = "Do It For the Gram";
			sourceTree = "<group>";
		};
		C9F03C051C8F2465006FA190 /* View Controllers */ = {
			isa = PBXGroup;
			children = (
				C9F03C031C8F2460006FA190 /* FeedViewController.swift */,
				C9F03C061C8F3BF6006FA190 /* PostViewController.swift */,
				C976E5981C8D345200269FAE /* LogInViewController.swift */,
			);
			name = "View Controllers";
			sourceTree = "<group>";
		};
		C9F03C0A1C8F8A8F006FA190 /* Models */ = {
			isa = PBXGroup;
			children = (
				C9F03C081C8F8A8A006FA190 /* Post.swift */,
			);
			name = Models;
			sourceTree = "<group>";
		};
/* End PBXGroup section */

/* Begin PBXNativeTarget section */
		C9C80A941C8D2949000565C1 /* Do It For the Gram */ = {
			isa = PBXNativeTarget;
			buildConfigurationList = C9C80AA71C8D2949000565C1 /* Build configuration list for PBXNativeTarget "Do It For the Gram" */;
			buildPhases = (
				008B2CF9AE6F37D5BA7828D6 /* Check Pods Manifest.lock */,
				C9C80A911C8D2949000565C1 /* Sources */,
				C9C80A921C8D2949000565C1 /* Frameworks */,
				C9C80A931C8D2949000565C1 /* Resources */,
				2717FF63736C3550913BA921 /* Embed Pods Frameworks */,
				53D129955E99A90CA7C7F5A7 /* Copy Pods Resources */,
			);
			buildRules = (
			);
			dependencies = (
			);
			name = "Do It For the Gram";
			productName = "Do It For the Gram";
			productReference = C9C80A951C8D2949000565C1 /* Do It For the Gram.app */;
			productType = "com.apple.product-type.application";
		};
/* End PBXNativeTarget section */

/* Begin PBXProject section */
		C9C80A8D1C8D2949000565C1 /* Project object */ = {
			isa = PBXProject;
			attributes = {
				LastSwiftUpdateCheck = 0720;
				LastUpgradeCheck = 0720;
				ORGANIZATIONNAME = "Matt Del Signore";
				TargetAttributes = {
					C9C80A941C8D2949000565C1 = {
						CreatedOnToolsVersion = 7.2.1;
						DevelopmentTeam = 7PWKK47P8Y;
					};
				};
			};
			buildConfigurationList = C9C80A901C8D2949000565C1 /* Build configuration list for PBXProject "Do It For the Gram" */;
			compatibilityVersion = "Xcode 3.2";
			developmentRegion = English;
			hasScannedForEncodings = 0;
			knownRegions = (
				en,
				Base,
			);
			mainGroup = C9C80A8C1C8D2949000565C1;
			productRefGroup = C9C80A961C8D2949000565C1 /* Products */;
			projectDirPath = "";
			projectRoot = "";
			targets = (
				C9C80A941C8D2949000565C1 /* Do It For the Gram */,
			);
		};
/* End PBXProject section */

/* Begin PBXResourcesBuildPhase section */
		C9C80A931C8D2949000565C1 /* Resources */ = {
			isa = PBXResourcesBuildPhase;
			buildActionMask = 2147483647;
			files = (
				C9C80AA01C8D2949000565C1 /* Assets.xcassets in Resources */,
				C9C80A9E1C8D2949000565C1 /* Main.storyboard in Resources */,
			);
			runOnlyForDeploymentPostprocessing = 0;
		};
/* End PBXResourcesBuildPhase section */

/* Begin PBXShellScriptBuildPhase section */
		008B2CF9AE6F37D5BA7828D6 /* Check Pods Manifest.lock */ = {
			isa = PBXShellScriptBuildPhase;
			buildActionMask = 2147483647;
			files = (
			);
			inputPaths = (
			);
			name = "Check Pods Manifest.lock";
			outputPaths = (
			);
			runOnlyForDeploymentPostprocessing = 0;
			shellPath = /bin/sh;
			shellScript = "diff \"${PODS_ROOT}/../Podfile.lock\" \"${PODS_ROOT}/Manifest.lock\" > /dev/null\nif [[ $? != 0 ]] ; then\n    cat << EOM\nerror: The sandbox is not in sync with the Podfile.lock. Run 'pod install' or update your CocoaPods installation.\nEOM\n    exit 1\nfi\n";
			showEnvVarsInLog = 0;
		};
		2717FF63736C3550913BA921 /* Embed Pods Frameworks */ = {
			isa = PBXShellScriptBuildPhase;
			buildActionMask = 2147483647;
			files = (
			);
			inputPaths = (
			);
			name = "Embed Pods Frameworks";
			outputPaths = (
			);
			runOnlyForDeploymentPostprocessing = 0;
			shellPath = /bin/sh;
			shellScript = "\"${SRCROOT}/Pods/Target Support Files/Pods-Do It For the Gram/Pods-Do It For the Gram-frameworks.sh\"\n";
			showEnvVarsInLog = 0;
		};
		53D129955E99A90CA7C7F5A7 /* Copy Pods Resources */ = {
			isa = PBXShellScriptBuildPhase;
			buildActionMask = 2147483647;
			files = (
			);
			inputPaths = (
			);
			name = "Copy Pods Resources";
			outputPaths = (
			);
			runOnlyForDeploymentPostprocessing = 0;
			shellPath = /bin/sh;
			shellScript = "\"${SRCROOT}/Pods/Target Support Files/Pods-Do It For the Gram/Pods-Do It For the Gram-resources.sh\"\n";
			showEnvVarsInLog = 0;
		};
/* End PBXShellScriptBuildPhase section */

/* Begin PBXSourcesBuildPhase section */
		C9C80A911C8D2949000565C1 /* Sources */ = {
			isa = PBXSourcesBuildPhase;
			buildActionMask = 2147483647;
			files = (
				C9F03C071C8F3BF6006FA190 /* PostViewController.swift in Sources */,
				C9C80A991C8D2949000565C1 /* AppDelegate.swift in Sources */,
				C9F03C041C8F2460006FA190 /* FeedViewController.swift in Sources */,
				C976E5991C8D345200269FAE /* LogInViewController.swift in Sources */,
				C9F03C091C8F8A8A006FA190 /* Post.swift in Sources */,
				C911CB051C8FE3F0007CE08B /* PostTableViewCell.swift in Sources */,
			);
			runOnlyForDeploymentPostprocessing = 0;
		};
/* End PBXSourcesBuildPhase section */

/* Begin PBXVariantGroup section */
		C9C80A9C1C8D2949000565C1 /* Main.storyboard */ = {
			isa = PBXVariantGroup;
			children = (
				C9C80A9D1C8D2949000565C1 /* Base */,
			);
			name = Main.storyboard;
			sourceTree = "<group>";
		};
/* End PBXVariantGroup section */

/* Begin XCBuildConfiguration section */
		C9C80AA51C8D2949000565C1 /* Debug */ = {
			isa = XCBuildConfiguration;
			buildSettings = {
				ALWAYS_SEARCH_USER_PATHS = NO;
				CLANG_CXX_LANGUAGE_STANDARD = "gnu++0x";
				CLANG_CXX_LIBRARY = "libc++";
				CLANG_ENABLE_MODULES = YES;
				CLANG_ENABLE_OBJC_ARC = YES;
				CLANG_WARN_BOOL_CONVERSION = YES;
				CLANG_WARN_CONSTANT_CONVERSION = YES;
				CLANG_WARN_DIRECT_OBJC_ISA_USAGE = YES_ERROR;
				CLANG_WARN_EMPTY_BODY = YES;
				CLANG_WARN_ENUM_CONVERSION = YES;
				CLANG_WARN_INT_CONVERSION = YES;
				CLANG_WARN_OBJC_ROOT_CLASS = YES_ERROR;
				CLANG_WARN_UNREACHABLE_CODE = YES;
				CLANG_WARN__DUPLICATE_METHOD_MATCH = YES;
				"CODE_SIGN_IDENTITY[sdk=iphoneos*]" = "iPhone Developer";
				COPY_PHASE_STRIP = NO;
				DEBUG_INFORMATION_FORMAT = dwarf;
				ENABLE_STRICT_OBJC_MSGSEND = YES;
				ENABLE_TESTABILITY = YES;
				GCC_C_LANGUAGE_STANDARD = gnu99;
				GCC_DYNAMIC_NO_PIC = NO;
				GCC_NO_COMMON_BLOCKS = YES;
				GCC_OPTIMIZATION_LEVEL = 0;
				GCC_PREPROCESSOR_DEFINITIONS = (
					"DEBUG=1",
					"$(inherited)",
				);
				GCC_WARN_64_TO_32_BIT_CONVERSION = YES;
				GCC_WARN_ABOUT_RETURN_TYPE = YES_ERROR;
				GCC_WARN_UNDECLARED_SELECTOR = YES;
				GCC_WARN_UNINITIALIZED_AUTOS = YES_AGGRESSIVE;
				GCC_WARN_UNUSED_FUNCTION = YES;
				GCC_WARN_UNUSED_VARIABLE = YES;
				IPHONEOS_DEPLOYMENT_TARGET = 9.2;
				MTL_ENABLE_DEBUG_INFO = YES;
				ONLY_ACTIVE_ARCH = YES;
				SDKROOT = iphoneos;
				SWIFT_OPTIMIZATION_LEVEL = "-Onone";
			};
			name = Debug;
		};
		C9C80AA61C8D2949000565C1 /* Release */ = {
			isa = XCBuildConfiguration;
			buildSettings = {
				ALWAYS_SEARCH_USER_PATHS = NO;
				CLANG_CXX_LANGUAGE_STANDARD = "gnu++0x";
				CLANG_CXX_LIBRARY = "libc++";
				CLANG_ENABLE_MODULES = YES;
				CLANG_ENABLE_OBJC_ARC = YES;
				CLANG_WARN_BOOL_CONVERSION = YES;
				CLANG_WARN_CONSTANT_CONVERSION = YES;
				CLANG_WARN_DIRECT_OBJC_ISA_USAGE = YES_ERROR;
				CLANG_WARN_EMPTY_BODY = YES;
				CLANG_WARN_ENUM_CONVERSION = YES;
				CLANG_WARN_INT_CONVERSION = YES;
				CLANG_WARN_OBJC_ROOT_CLASS = YES_ERROR;
				CLANG_WARN_UNREACHABLE_CODE = YES;
				CLANG_WARN__DUPLICATE_METHOD_MATCH = YES;
				"CODE_SIGN_IDENTITY[sdk=iphoneos*]" = "iPhone Developer";
				COPY_PHASE_STRIP = NO;
				DEBUG_INFORMATION_FORMAT = "dwarf-with-dsym";
				ENABLE_NS_ASSERTIONS = NO;
				ENABLE_STRICT_OBJC_MSGSEND = YES;
				GCC_C_LANGUAGE_STANDARD = gnu99;
				GCC_NO_COMMON_BLOCKS = YES;
				GCC_WARN_64_TO_32_BIT_CONVERSION = YES;
				GCC_WARN_ABOUT_RETURN_TYPE = YES_ERROR;
				GCC_WARN_UNDECLARED_SELECTOR = YES;
				GCC_WARN_UNINITIALIZED_AUTOS = YES_AGGRESSIVE;
				GCC_WARN_UNUSED_FUNCTION = YES;
				GCC_WARN_UNUSED_VARIABLE = YES;
				IPHONEOS_DEPLOYMENT_TARGET = 9.2;
				MTL_ENABLE_DEBUG_INFO = NO;
				SDKROOT = iphoneos;
				VALIDATE_PRODUCT = YES;
			};
			name = Release;
		};
		C9C80AA81C8D2949000565C1 /* Debug */ = {
			isa = XCBuildConfiguration;
			baseConfigurationReference = D980BCDBA251CB76EB983D70 /* Pods-Do It For the Gram.debug.xcconfig */;
			buildSettings = {
				ASSETCATALOG_COMPILER_APPICON_NAME = AppIcon;
				INFOPLIST_FILE = "Do It For the Gram/Info.plist";
				LD_RUNPATH_SEARCH_PATHS = "$(inherited) @executable_path/Frameworks";
				PRODUCT_BUNDLE_IDENTIFIER = "com.mattdelsig.Do-It-For-the-Gram";
				PRODUCT_NAME = "$(TARGET_NAME)";
			};
			name = Debug;
		};
		C9C80AA91C8D2949000565C1 /* Release */ = {
			isa = XCBuildConfiguration;
			baseConfigurationReference = 3B215E470C4C30A30A4BF9B0 /* Pods-Do It For the Gram.release.xcconfig */;
			buildSettings = {
				ASSETCATALOG_COMPILER_APPICON_NAME = AppIcon;
				INFOPLIST_FILE = "Do It For the Gram/Info.plist";
				LD_RUNPATH_SEARCH_PATHS = "$(inherited) @executable_path/Frameworks";
				PRODUCT_BUNDLE_IDENTIFIER = "com.mattdelsig.Do-It-For-the-Gram";
				PRODUCT_NAME = "$(TARGET_NAME)";
			};
			name = Release;
		};
/* End XCBuildConfiguration section */

/* Begin XCConfigurationList section */
		C9C80A901C8D2949000565C1 /* Build configuration list for PBXProject "Do It For the Gram" */ = {
			isa = XCConfigurationList;
			buildConfigurations = (
				C9C80AA51C8D2949000565C1 /* Debug */,
				C9C80AA61C8D2949000565C1 /* Release */,
			);
			defaultConfigurationIsVisible = 0;
			defaultConfigurationName = Release;
		};
		C9C80AA71C8D2949000565C1 /* Build configuration list for PBXNativeTarget "Do It For the Gram" */ = {
			isa = XCConfigurationList;
			buildConfigurations = (
				C9C80AA81C8D2949000565C1 /* Debug */,
				C9C80AA91C8D2949000565C1 /* Release */,
			);
			defaultConfigurationIsVisible = 0;
			defaultConfigurationName = Release;
		};
/* End XCConfigurationList section */
	};
	rootObject = C9C80A8D1C8D2949000565C1 /* Project object */;
}
